// !$*UTF8*$!
{
	archiveVersion = 1;
	classes = {
	};
	objectVersion = 46;
	objects = {

/* Begin PBXBuildFile section */
		2ADDC7EE1B057DBC00367838 /* libTdxTools.a in Frameworks */ = {isa = PBXBuildFile; fileRef = 2ADDC7E21B057DBC00367838 /* libTdxTools.a */; };
		2ADDC8061B057E8000367838 /* TdxClusterView.m in Sources */ = {isa = PBXBuildFile; fileRef = 2ADDC7FD1B057E8000367838 /* TdxClusterView.m */; };
		2ADDC8071B057E8000367838 /* TdxHostView.m in Sources */ = {isa = PBXBuildFile; fileRef = 2ADDC7FF1B057E8000367838 /* TdxHostView.m */; };
		2ADDC8081B057E8000367838 /* TdxPickerView.m in Sources */ = {isa = PBXBuildFile; fileRef = 2ADDC8021B057E8000367838 /* TdxPickerView.m */; };
		2ADDC8091B057E8000367838 /* TdxTools.m in Sources */ = {isa = PBXBuildFile; fileRef = 2ADDC8041B057E8000367838 /* TdxTools.m */; };
		2ADDC80B1B05829300367838 /* TdxTools.h in CopyFiles */ = {isa = PBXBuildFile; fileRef = 2ADDC8031B057E8000367838 /* TdxTools.h */; };
/* End PBXBuildFile section */

/* Begin PBXContainerItemProxy section */
		2ADDC7EF1B057DBC00367838 /* PBXContainerItemProxy */ = {
			isa = PBXContainerItemProxy;
			containerPortal = 2ADDC7DA1B057DBC00367838 /* Project object */;
			proxyType = 1;
			remoteGlobalIDString = 2ADDC7E11B057DBC00367838;
			remoteInfo = TdxTools;
		};
/* End PBXContainerItemProxy section */

/* Begin PBXCopyFilesBuildPhase section */
		2ADDC7E01B057DBC00367838 /* CopyFiles */ = {
			isa = PBXCopyFilesBuildPhase;
			buildActionMask = 2147483647;
			dstPath = "include/$(PRODUCT_NAME)";
			dstSubfolderSpec = 16;
			files = (
				2ADDC80B1B05829300367838 /* TdxTools.h in CopyFiles */,
			);
			runOnlyForDeploymentPostprocessing = 0;
		};
/* End PBXCopyFilesBuildPhase section */

/* Begin PBXFileReference section */
		2ADDC7E21B057DBC00367838 /* libTdxTools.a */ = {isa = PBXFileReference; explicitFileType = archive.ar; includeInIndex = 0; path = libTdxTools.a; sourceTree = BUILT_PRODUCTS_DIR; };
		2ADDC7ED1B057DBC00367838 /* TdxToolsTests.xctest */ = {isa = PBXFileReference; explicitFileType = wrapper.cfbundle; includeInIndex = 0; path = TdxToolsTests.xctest; sourceTree = BUILT_PRODUCTS_DIR; };
		2ADDC7F31B057DBC00367838 /* Info.plist */ = {isa = PBXFileReference; lastKnownFileType = text.plist.xml; path = Info.plist; sourceTree = "<group>"; };
		2ADDC7FC1B057E8000367838 /* TdxClusterView.h */ = {isa = PBXFileReference; fileEncoding = 4; lastKnownFileType = sourcecode.c.h; path = TdxClusterView.h; sourceTree = "<group>"; };
		2ADDC7FD1B057E8000367838 /* TdxClusterView.m */ = {isa = PBXFileReference; fileEncoding = 4; lastKnownFileType = sourcecode.c.objc; path = TdxClusterView.m; sourceTree = "<group>"; };
		2ADDC7FE1B057E8000367838 /* TdxHostView.h */ = {isa = PBXFileReference; fileEncoding = 4; lastKnownFileType = sourcecode.c.h; path = TdxHostView.h; sourceTree = "<group>"; };
		2ADDC7FF1B057E8000367838 /* TdxHostView.m */ = {isa = PBXFileReference; fileEncoding = 4; lastKnownFileType = sourcecode.c.objc; path = TdxHostView.m; sourceTree = "<group>"; };
		2ADDC8001B057E8000367838 /* TdxMacroDefinition.h */ = {isa = PBXFileReference; fileEncoding = 4; lastKnownFileType = sourcecode.c.h; path = TdxMacroDefinition.h; sourceTree = "<group>"; };
		2ADDC8011B057E8000367838 /* TdxPickerView.h */ = {isa = PBXFileReference; fileEncoding = 4; lastKnownFileType = sourcecode.c.h; path = TdxPickerView.h; sourceTree = "<group>"; };
		2ADDC8021B057E8000367838 /* TdxPickerView.m */ = {isa = PBXFileReference; fileEncoding = 4; lastKnownFileType = sourcecode.c.objc; path = TdxPickerView.m; sourceTree = "<group>"; };
		2ADDC8031B057E8000367838 /* TdxTools.h */ = {isa = PBXFileReference; fileEncoding = 4; lastKnownFileType = sourcecode.c.h; path = TdxTools.h; sourceTree = "<group>"; };
		2ADDC8041B057E8000367838 /* TdxTools.m */ = {isa = PBXFileReference; fileEncoding = 4; lastKnownFileType = sourcecode.c.objc; path = TdxTools.m; sourceTree = "<group>"; };
		2ADDC8051B057E8000367838 /* UIViewPassValueDelegate.h */ = {isa = PBXFileReference; fileEncoding = 4; lastKnownFileType = sourcecode.c.h; path = UIViewPassValueDelegate.h; sourceTree = "<group>"; };
		2ADDC80C1B05840700367838 /* GDataXMLNode.h */ = {isa = PBXFileReference; fileEncoding = 4; lastKnownFileType = sourcecode.c.h; path = GDataXMLNode.h; sourceTree = "<group>"; };
/* End PBXFileReference section */

/* Begin PBXFrameworksBuildPhase section */
		2ADDC7DF1B057DBC00367838 /* Frameworks */ = {
			isa = PBXFrameworksBuildPhase;
			buildActionMask = 2147483647;
			files = (
			);
			runOnlyForDeploymentPostprocessing = 0;
		};
		2ADDC7EA1B057DBC00367838 /* Frameworks */ = {
			isa = PBXFrameworksBuildPhase;
			buildActionMask = 2147483647;
			files = (
				2ADDC7EE1B057DBC00367838 /* libTdxTools.a in Frameworks */,
			);
			runOnlyForDeploymentPostprocessing = 0;
		};
/* End PBXFrameworksBuildPhase section */

/* Begin PBXGroup section */
		2ADDC7D91B057DBC00367838 = {
			isa = PBXGroup;
			children = (
				2ADDC7FC1B057E8000367838 /* TdxClusterView.h */,
				2ADDC7FD1B057E8000367838 /* TdxClusterView.m */,
				2ADDC7FE1B057E8000367838 /* TdxHostView.h */,
				2ADDC7FF1B057E8000367838 /* TdxHostView.m */,
				2ADDC8001B057E8000367838 /* TdxMacroDefinition.h */,
				2ADDC8011B057E8000367838 /* TdxPickerView.h */,
				2ADDC8021B057E8000367838 /* TdxPickerView.m */,
				2ADDC8031B057E8000367838 /* TdxTools.h */,
				2ADDC8041B057E8000367838 /* TdxTools.m */,
				2ADDC80C1B05840700367838 /* GDataXMLNode.h */,
				2ADDC8051B057E8000367838 /* UIViewPassValueDelegate.h */,
				2ADDC7F11B057DBC00367838 /* TdxToolsTests */,
				2ADDC7E31B057DBC00367838 /* Products */,
			);
			sourceTree = "<group>";
		};
		2ADDC7E31B057DBC00367838 /* Products */ = {
			isa = PBXGroup;
			children = (
				2ADDC7E21B057DBC00367838 /* libTdxTools.a */,
				2ADDC7ED1B057DBC00367838 /* TdxToolsTests.xctest */,
			);
			name = Products;
			sourceTree = "<group>";
		};
		2ADDC7F11B057DBC00367838 /* TdxToolsTests */ = {
			isa = PBXGroup;
			children = (
				2ADDC7F21B057DBC00367838 /* Supporting Files */,
			);
			path = TdxToolsTests;
			sourceTree = "<group>";
		};
		2ADDC7F21B057DBC00367838 /* Supporting Files */ = {
			isa = PBXGroup;
			children = (
				2ADDC7F31B057DBC00367838 /* Info.plist */,
			);
			name = "Supporting Files";
			sourceTree = "<group>";
		};
/* End PBXGroup section */

/* Begin PBXNativeTarget section */
		2ADDC7E11B057DBC00367838 /* TdxTools */ = {
			isa = PBXNativeTarget;
			buildConfigurationList = 2ADDC7F61B057DBC00367838 /* Build configuration list for PBXNativeTarget "TdxTools" */;
			buildPhases = (
				2ADDC7DE1B057DBC00367838 /* Sources */,
				2ADDC7DF1B057DBC00367838 /* Frameworks */,
				2ADDC7E01B057DBC00367838 /* CopyFiles */,
			);
			buildRules = (
			);
			dependencies = (
			);
			name = TdxTools;
			productName = TdxTools;
			productReference = 2ADDC7E21B057DBC00367838 /* libTdxTools.a */;
			productType = "com.apple.product-type.library.static";
		};
		2ADDC7EC1B057DBC00367838 /* TdxToolsTests */ = {
			isa = PBXNativeTarget;
			buildConfigurationList = 2ADDC7F91B057DBC00367838 /* Build configuration list for PBXNativeTarget "TdxToolsTests" */;
			buildPhases = (
				2ADDC7E91B057DBC00367838 /* Sources */,
				2ADDC7EA1B057DBC00367838 /* Frameworks */,
				2ADDC7EB1B057DBC00367838 /* Resources */,
			);
			buildRules = (
			);
			dependencies = (
				2ADDC7F01B057DBC00367838 /* PBXTargetDependency */,
			);
			name = TdxToolsTests;
			productName = TdxToolsTests;
			productReference = 2ADDC7ED1B057DBC00367838 /* TdxToolsTests.xctest */;
			productType = "com.apple.product-type.bundle.unit-test";
		};
/* End PBXNativeTarget section */

/* Begin PBXProject section */
		2ADDC7DA1B057DBC00367838 /* Project object */ = {
			isa = PBXProject;
			attributes = {
				LastUpgradeCheck = 0610;
				ORGANIZATIONNAME = tdx;
				TargetAttributes = {
					2ADDC7E11B057DBC00367838 = {
						CreatedOnToolsVersion = 6.1;
					};
					2ADDC7EC1B057DBC00367838 = {
						CreatedOnToolsVersion = 6.1;
					};
				};
			};
			buildConfigurationList = 2ADDC7DD1B057DBC00367838 /* Build configuration list for PBXProject "TdxTools" */;
			compatibilityVersion = "Xcode 3.2";
			developmentRegion = English;
			hasScannedForEncodings = 0;
			knownRegions = (
				en,
			);
			mainGroup = 2ADDC7D91B057DBC00367838;
			productRefGroup = 2ADDC7E31B057DBC00367838 /* Products */;
			projectDirPath = "";
			projectRoot = "";
			targets = (
				2ADDC7E11B057DBC00367838 /* TdxTools */,
				2ADDC7EC1B057DBC00367838 /* TdxToolsTests */,
			);
		};
/* End PBXProject section */

/* Begin PBXResourcesBuildPhase section */
		2ADDC7EB1B057DBC00367838 /* Resources */ = {
			isa = PBXResourcesBuildPhase;
			buildActionMask = 2147483647;
			files = (
			);
			runOnlyForDeploymentPostprocessing = 0;
		};
/* End PBXResourcesBuildPhase section */

/* Begin PBXSourcesBuildPhase section */
		2ADDC7DE1B057DBC00367838 /* Sources */ = {
			isa = PBXSourcesBuildPhase;
			buildActionMask = 2147483647;
			files = (
				2ADDC8061B057E8000367838 /* TdxClusterView.m in Sources */,
				2ADDC8071B057E8000367838 /* TdxHostView.m in Sources */,
				2ADDC8091B057E8000367838 /* TdxTools.m in Sources */,
				2ADDC8081B057E8000367838 /* TdxPickerView.m in Sources */,
			);
			runOnlyForDeploymentPostprocessing = 0;
		};
		2ADDC7E91B057DBC00367838 /* Sources */ = {
			isa = PBXSourcesBuildPhase;
			buildActionMask = 2147483647;
			files = (
			);
			runOnlyForDeploymentPostprocessing = 0;
		};
/* End PBXSourcesBuildPhase section */

/* Begin PBXTargetDependency section */
		2ADDC7F01B057DBC00367838 /* PBXTargetDependency */ = {
			isa = PBXTargetDependency;
			target = 2ADDC7E11B057DBC00367838 /* TdxTools */;
			targetProxy = 2ADDC7EF1B057DBC00367838 /* PBXContainerItemProxy */;
		};
/* End PBXTargetDependency section */

/* Begin XCBuildConfiguration section */
		2ADDC7F41B057DBC00367838 /* Debug */ = {
			isa = XCBuildConfiguration;
			buildSettings = {
				ALWAYS_SEARCH_USER_PATHS = NO;
				CLANG_CXX_LANGUAGE_STANDARD = "gnu++0x";
				CLANG_CXX_LIBRARY = "libc++";
				CLANG_ENABLE_MODULES = YES;
				CLANG_ENABLE_OBJC_ARC = YES;
				CLANG_WARN_BOOL_CONVERSION = YES;
				CLANG_WARN_CONSTANT_CONVERSION = YES;
				CLANG_WARN_DIRECT_OBJC_ISA_USAGE = YES_ERROR;
				CLANG_WARN_EMPTY_BODY = YES;
				CLANG_WARN_ENUM_CONVERSION = YES;
				CLANG_WARN_INT_CONVERSION = YES;
				CLANG_WARN_OBJC_ROOT_CLASS = YES_ERROR;
				CLANG_WARN_UNREACHABLE_CODE = YES;
				CLANG_WARN__DUPLICATE_METHOD_MATCH = YES;
				COPY_PHASE_STRIP = NO;
				ENABLE_STRICT_OBJC_MSGSEND = YES;
				GCC_C_LANGUAGE_STANDARD = gnu99;
				GCC_DYNAMIC_NO_PIC = NO;
				GCC_OPTIMIZATION_LEVEL = 0;
				GCC_PREPROCESSOR_DEFINITIONS = (
					"DEBUG=1",
					"$(inherited)",
				);
				GCC_SYMBOLS_PRIVATE_EXTERN = NO;
				GCC_WARN_64_TO_32_BIT_CONVERSION = YES;
				GCC_WARN_ABOUT_RETURN_TYPE = YES_ERROR;
				GCC_WARN_UNDECLARED_SELECTOR = YES;
				GCC_WARN_UNINITIALIZED_AUTOS = YES_AGGRESSIVE;
				GCC_WARN_UNUSED_FUNCTION = YES;
				GCC_WARN_UNUSED_VARIABLE = YES;
				IPHONEOS_DEPLOYMENT_TARGET = 8.1;
				MTL_ENABLE_DEBUG_INFO = YES;
				ONLY_ACTIVE_ARCH = YES;
				SDKROOT = iphoneos;
			};
			name = Debug;
		};
		2ADDC7F51B057DBC00367838 /* Release */ = {
			isa = XCBuildConfiguration;
			buildSettings = {
				ALWAYS_SEARCH_USER_PATHS = NO;
				CLANG_CXX_LANGUAGE_STANDARD = "gnu++0x";
				CLANG_CXX_LIBRARY = "libc++";
				CLANG_ENABLE_MODULES = YES;
				CLANG_ENABLE_OBJC_ARC = YES;
				CLANG_WARN_BOOL_CONVERSION = YES;
				CLANG_WARN_CONSTANT_CONVERSION = YES;
				CLANG_WARN_DIRECT_OBJC_ISA_USAGE = YES_ERROR;
				CLANG_WARN_EMPTY_BODY = YES;
				CLANG_WARN_ENUM_CONVERSION = YES;
				CLANG_WARN_INT_CONVERSION = YES;
				CLANG_WARN_OBJC_ROOT_CLASS = YES_ERROR;
				CLANG_WARN_UNREACHABLE_CODE = YES;
				CLANG_WARN__DUPLICATE_METHOD_MATCH = YES;
				COPY_PHASE_STRIP = YES;
				ENABLE_NS_ASSERTIONS = NO;
				ENABLE_STRICT_OBJC_MSGSEND = YES;
				GCC_C_LANGUAGE_STANDARD = gnu99;
				GCC_WARN_64_TO_32_BIT_CONVERSION = YES;
				GCC_WARN_ABOUT_RETURN_TYPE = YES_ERROR;
				GCC_WARN_UNDECLARED_SELECTOR = YES;
				GCC_WARN_UNINITIALIZED_AUTOS = YES_AGGRESSIVE;
				GCC_WARN_UNUSED_FUNCTION = YES;
				GCC_WARN_UNUSED_VARIABLE = YES;
				IPHONEOS_DEPLOYMENT_TARGET = 8.1;
				MTL_ENABLE_DEBUG_INFO = NO;
				SDKROOT = iphoneos;
				VALIDATE_PRODUCT = YES;
			};
			name = Release;
		};
		2ADDC7F71B057DBC00367838 /* Debug */ = {
			isa = XCBuildConfiguration;
			buildSettings = {
				HEADER_SEARCH_PATHS = (
					"$(inherited)",
					/Applications/Xcode.app/Contents/Developer/Toolchains/XcodeDefault.xctoolchain/usr/include,
					"$(SRCROOT)/../../../TdxUtil/include/GDataXMLNode.h",
					/usr/include/libxml2,
				);
				IPHONEOS_DEPLOYMENT_TARGET = 6.0;
				LIBRARY_SEARCH_PATHS = "";
				OTHER_LDFLAGS = "-ObjC";
				PRODUCT_NAME = "$(TARGET_NAME)";
				SKIP_INSTALL = YES;
			};
			name = Debug;
		};
		2ADDC7F81B057DBC00367838 /* Release */ = {
			isa = XCBuildConfiguration;
			buildSettings = {
				HEADER_SEARCH_PATHS = (
					"$(inherited)",
					/Applications/Xcode.app/Contents/Developer/Toolchains/XcodeDefault.xctoolchain/usr/include,
					"$(SRCROOT)/../../../TdxUtil/include/GDataXMLNode.h",
					/usr/include/libxml2,
				);
				IPHONEOS_DEPLOYMENT_TARGET = 6.0;
				LIBRARY_SEARCH_PATHS = "";
				OTHER_LDFLAGS = "-ObjC";
				PRODUCT_NAME = "$(TARGET_NAME)";
				SKIP_INSTALL = YES;
			};
			name = Release;
		};
		2ADDC7FA1B057DBC00367838 /* Debug */ = {
			isa = XCBuildConfiguration;
			buildSettings = {
				FRAMEWORK_SEARCH_PATHS = (
					"$(SDKROOT)/Developer/Library/Frameworks",
					"$(inherited)",
				);
				GCC_PREPROCESSOR_DEFINITIONS = (
					"DEBUG=1",
					"$(inherited)",
				);
				INFOPLIST_FILE = TdxToolsTests/Info.plist;
				LD_RUNPATH_SEARCH_PATHS = "$(inherited) @executable_path/Frameworks @loader_path/Frameworks";
				PRODUCT_NAME = "$(TARGET_NAME)";
			};
			name = Debug;
		};
		2ADDC7FB1B057DBC00367838 /* Release */ = {
			isa = XCBuildConfiguration;
			buildSettings = {
				FRAMEWORK_SEARCH_PATHS = (
					"$(SDKROOT)/Developer/Library/Frameworks",
					"$(inherited)",
				);
				INFOPLIST_FILE = TdxToolsTests/Info.plist;
				LD_RUNPATH_SEARCH_PATHS = "$(inherited) @executable_path/Frameworks @loader_path/Frameworks";
				PRODUCT_NAME = "$(TARGET_NAME)";
			};
			name = Release;
		};
/* End XCBuildConfiguration section */

/* Begin XCConfigurationList section */
		2ADDC7DD1B057DBC00367838 /* Build configuration list for PBXProject "TdxTools" */ = {
			isa = XCConfigurationList;
			buildConfigurations = (
				2ADDC7F41B057DBC00367838 /* Debug */,
				2ADDC7F51B057DBC00367838 /* Release */,
			);
			defaultConfigurationIsVisible = 0;
			defaultConfigurationName = Release;
		};
		2ADDC7F61B057DBC00367838 /* Build configuration list for PBXNativeTarget "TdxTools" */ = {
			isa = XCConfigurationList;
			buildConfigurations = (
				2ADDC7F71B057DBC00367838 /* Debug */,
				2ADDC7F81B057DBC00367838 /* Release */,
			);
			defaultConfigurationIsVisible = 0;
			defaultConfigurationName = Release;
		};
		2ADDC7F91B057DBC00367838 /* Build configuration list for PBXNativeTarget "TdxToolsTests" */ = {
			isa = XCConfigurationList;
			buildConfigurations = (
				2ADDC7FA1B057DBC00367838 /* Debug */,
				2ADDC7FB1B057DBC00367838 /* Release */,
			);
			defaultConfigurationIsVisible = 0;
			defaultConfigurationName = Release;
		};
/* End XCConfigurationList section */
	};
	rootObject = 2ADDC7DA1B057DBC00367838 /* Project object */;
}
