// !$*UTF8*$!
{
	archiveVersion = 1;
	classes = {
	};
	objectVersion = 46;
	objects = {

/* Begin PBXBuildFile section */
		2ADDC83F1B058B7200367838 /* tdxTools.h in CopyFiles */ = {isa = PBXBuildFile; fileRef = 2ADDC83E1B058B7200367838 /* tdxTools.h */; };
		2ADDC8411B058B7200367838 /* tdxTools.m in Sources */ = {isa = PBXBuildFile; fileRef = 2ADDC8401B058B7200367838 /* tdxTools.m */; };
		2ADDC8791B058BE700367838 /* TdxClusterView.m in Sources */ = {isa = PBXBuildFile; fileRef = 2ADDC8731B058BE700367838 /* TdxClusterView.m */; };
		2ADDC87A1B058BE700367838 /* TdxHostView.m in Sources */ = {isa = PBXBuildFile; fileRef = 2ADDC8751B058BE700367838 /* TdxHostView.m */; };
		2ADDC87B1B058BE700367838 /* TdxPickerView.m in Sources */ = {isa = PBXBuildFile; fileRef = 2ADDC8781B058BE700367838 /* TdxPickerView.m */; };
/* End PBXBuildFile section */

/* Begin PBXCopyFilesBuildPhase section */
		2ADDC8391B058B7200367838 /* CopyFiles */ = {
			isa = PBXCopyFilesBuildPhase;
			buildActionMask = 2147483647;
			dstPath = "include/$(PRODUCT_NAME)";
			dstSubfolderSpec = 16;
			files = (
				2ADDC83F1B058B7200367838 /* tdxTools.h in CopyFiles */,
			);
			runOnlyForDeploymentPostprocessing = 0;
		};
/* End PBXCopyFilesBuildPhase section */

/* Begin PBXFileReference section */
		2ADDC83B1B058B7200367838 /* libtdxTools.a */ = {isa = PBXFileReference; explicitFileType = archive.ar; includeInIndex = 0; path = libtdxTools.a; sourceTree = BUILT_PRODUCTS_DIR; };
		2ADDC83E1B058B7200367838 /* tdxTools.h */ = {isa = PBXFileReference; lastKnownFileType = sourcecode.c.h; path = tdxTools.h; sourceTree = "<group>"; };
		2ADDC8401B058B7200367838 /* tdxTools.m */ = {isa = PBXFileReference; lastKnownFileType = sourcecode.c.objc; path = tdxTools.m; sourceTree = "<group>"; };
		2ADDC84C1B058B7200367838 /* Info.plist */ = {isa = PBXFileReference; lastKnownFileType = text.plist.xml; path = Info.plist; sourceTree = "<group>"; };
		2ADDC8551B058BC300367838 /* UIViewPassValueDelegate.h */ = {isa = PBXFileReference; fileEncoding = 4; lastKnownFileType = sourcecode.c.h; path = UIViewPassValueDelegate.h; sourceTree = "<group>"; };
		2ADDC8711B058BE700367838 /* GDataXMLNode.h */ = {isa = PBXFileReference; fileEncoding = 4; lastKnownFileType = sourcecode.c.h; path = GDataXMLNode.h; sourceTree = "<group>"; };
		2ADDC8721B058BE700367838 /* TdxClusterView.h */ = {isa = PBXFileReference; fileEncoding = 4; lastKnownFileType = sourcecode.c.h; path = TdxClusterView.h; sourceTree = "<group>"; };
		2ADDC8731B058BE700367838 /* TdxClusterView.m */ = {isa = PBXFileReference; fileEncoding = 4; lastKnownFileType = sourcecode.c.objc; path = TdxClusterView.m; sourceTree = "<group>"; };
		2ADDC8741B058BE700367838 /* TdxHostView.h */ = {isa = PBXFileReference; fileEncoding = 4; lastKnownFileType = sourcecode.c.h; path = TdxHostView.h; sourceTree = "<group>"; };
		2ADDC8751B058BE700367838 /* TdxHostView.m */ = {isa = PBXFileReference; fileEncoding = 4; lastKnownFileType = sourcecode.c.objc; path = TdxHostView.m; sourceTree = "<group>"; };
		2ADDC8761B058BE700367838 /* TdxMacroDefinition.h */ = {isa = PBXFileReference; fileEncoding = 4; lastKnownFileType = sourcecode.c.h; path = TdxMacroDefinition.h; sourceTree = "<group>"; };
		2ADDC8771B058BE700367838 /* TdxPickerView.h */ = {isa = PBXFileReference; fileEncoding = 4; lastKnownFileType = sourcecode.c.h; path = TdxPickerView.h; sourceTree = "<group>"; };
		2ADDC8781B058BE700367838 /* TdxPickerView.m */ = {isa = PBXFileReference; fileEncoding = 4; lastKnownFileType = sourcecode.c.objc; path = TdxPickerView.m; sourceTree = "<group>"; };
/* End PBXFileReference section */

/* Begin PBXFrameworksBuildPhase section */
		2ADDC8381B058B7200367838 /* Frameworks */ = {
			isa = PBXFrameworksBuildPhase;
			buildActionMask = 2147483647;
			files = (
			);
			runOnlyForDeploymentPostprocessing = 0;
		};
/* End PBXFrameworksBuildPhase section */

/* Begin PBXGroup section */
		2ADDC8321B058B7200367838 = {
			isa = PBXGroup;
			children = (
				2ADDC83D1B058B7200367838 /* tdxTools */,
				2ADDC84A1B058B7200367838 /* tdxToolsTests */,
				2ADDC83C1B058B7200367838 /* Products */,
			);
			sourceTree = "<group>";
		};
		2ADDC83C1B058B7200367838 /* Products */ = {
			isa = PBXGroup;
			children = (
				2ADDC83B1B058B7200367838 /* libtdxTools.a */,
			);
			name = Products;
			sourceTree = "<group>";
		};
		2ADDC83D1B058B7200367838 /* tdxTools */ = {
			isa = PBXGroup;
			children = (
				2ADDC8711B058BE700367838 /* GDataXMLNode.h */,
				2ADDC8721B058BE700367838 /* TdxClusterView.h */,
				2ADDC8731B058BE700367838 /* TdxClusterView.m */,
				2ADDC8741B058BE700367838 /* TdxHostView.h */,
				2ADDC8751B058BE700367838 /* TdxHostView.m */,
				2ADDC8761B058BE700367838 /* TdxMacroDefinition.h */,
				2ADDC8771B058BE700367838 /* TdxPickerView.h */,
				2ADDC8781B058BE700367838 /* TdxPickerView.m */,
				2ADDC8551B058BC300367838 /* UIViewPassValueDelegate.h */,
				2ADDC83E1B058B7200367838 /* tdxTools.h */,
				2ADDC8401B058B7200367838 /* tdxTools.m */,
			);
			path = tdxTools;
			sourceTree = "<group>";
		};
		2ADDC84A1B058B7200367838 /* tdxToolsTests */ = {
			isa = PBXGroup;
			children = (
				2ADDC84B1B058B7200367838 /* Supporting Files */,
			);
			path = tdxToolsTests;
			sourceTree = "<group>";
		};
		2ADDC84B1B058B7200367838 /* Supporting Files */ = {
			isa = PBXGroup;
			children = (
				2ADDC84C1B058B7200367838 /* Info.plist */,
			);
			name = "Supporting Files";
			sourceTree = "<group>";
		};
/* End PBXGroup section */

/* Begin PBXNativeTarget section */
		2ADDC83A1B058B7200367838 /* tdxTools */ = {
			isa = PBXNativeTarget;
			buildConfigurationList = 2ADDC84F1B058B7200367838 /* Build configuration list for PBXNativeTarget "tdxTools" */;
			buildPhases = (
				2ADDC8371B058B7200367838 /* Sources */,
				2ADDC8381B058B7200367838 /* Frameworks */,
				2ADDC8391B058B7200367838 /* CopyFiles */,
			);
			buildRules = (
			);
			dependencies = (
			);
			name = tdxTools;
			productName = tdxTools;
			productReference = 2ADDC83B1B058B7200367838 /* libtdxTools.a */;
			productType = "com.apple.product-type.library.static";
		};
/* End PBXNativeTarget section */

/* Begin PBXProject section */
		2ADDC8331B058B7200367838 /* Project object */ = {
			isa = PBXProject;
			attributes = {
				LastUpgradeCheck = 0610;
				ORGANIZATIONNAME = tdx;
				TargetAttributes = {
					2ADDC83A1B058B7200367838 = {
						CreatedOnToolsVersion = 6.1;
					};
				};
			};
			buildConfigurationList = 2ADDC8361B058B7200367838 /* Build configuration list for PBXProject "tdxTools" */;
			compatibilityVersion = "Xcode 3.2";
			developmentRegion = English;
			hasScannedForEncodings = 0;
			knownRegions = (
				en,
			);
			mainGroup = 2ADDC8321B058B7200367838;
			productRefGroup = 2ADDC83C1B058B7200367838 /* Products */;
			projectDirPath = "";
			projectRoot = "";
			targets = (
				2ADDC83A1B058B7200367838 /* tdxTools */,
			);
		};
/* End PBXProject section */

/* Begin PBXSourcesBuildPhase section */
		2ADDC8371B058B7200367838 /* Sources */ = {
			isa = PBXSourcesBuildPhase;
			buildActionMask = 2147483647;
			files = (
				2ADDC8791B058BE700367838 /* TdxClusterView.m in Sources */,
				2ADDC87A1B058BE700367838 /* TdxHostView.m in Sources */,
				2ADDC8411B058B7200367838 /* tdxTools.m in Sources */,
				2ADDC87B1B058BE700367838 /* TdxPickerView.m in Sources */,
			);
			runOnlyForDeploymentPostprocessing = 0;
		};
/* End PBXSourcesBuildPhase section */

/* Begin XCBuildConfiguration section */
		2ADDC84D1B058B7200367838 /* Debug */ = {
			isa = XCBuildConfiguration;
			buildSettings = {
				ALWAYS_SEARCH_USER_PATHS = NO;
				CLANG_CXX_LANGUAGE_STANDARD = "gnu++0x";
				CLANG_CXX_LIBRARY = "libc++";
				CLANG_ENABLE_MODULES = YES;
				CLANG_ENABLE_OBJC_ARC = YES;
				CLANG_WARN_BOOL_CONVERSION = YES;
				CLANG_WARN_CONSTANT_CONVERSION = YES;
				CLANG_WARN_DIRECT_OBJC_ISA_USAGE = YES_ERROR;
				CLANG_WARN_EMPTY_BODY = YES;
				CLANG_WARN_ENUM_CONVERSION = YES;
				CLANG_WARN_INT_CONVERSION = YES;
				CLANG_WARN_OBJC_ROOT_CLASS = YES_ERROR;
				CLANG_WARN_UNREACHABLE_CODE = YES;
				CLANG_WARN__DUPLICATE_METHOD_MATCH = YES;
				COPY_PHASE_STRIP = NO;
				ENABLE_STRICT_OBJC_MSGSEND = YES;
				GCC_C_LANGUAGE_STANDARD = gnu99;
				GCC_DYNAMIC_NO_PIC = NO;
				GCC_OPTIMIZATION_LEVEL = 0;
				GCC_PREPROCESSOR_DEFINITIONS = (
					"DEBUG=1",
					"$(inherited)",
				);
				GCC_SYMBOLS_PRIVATE_EXTERN = NO;
				GCC_WARN_64_TO_32_BIT_CONVERSION = YES;
				GCC_WARN_ABOUT_RETURN_TYPE = YES_ERROR;
				GCC_WARN_UNDECLARED_SELECTOR = YES;
				GCC_WARN_UNINITIALIZED_AUTOS = YES_AGGRESSIVE;
				GCC_WARN_UNUSED_FUNCTION = YES;
				GCC_WARN_UNUSED_VARIABLE = YES;
				IPHONEOS_DEPLOYMENT_TARGET = 8.1;
				MTL_ENABLE_DEBUG_INFO = YES;
				ONLY_ACTIVE_ARCH = YES;
				SDKROOT = iphoneos;
			};
			name = Debug;
		};
		2ADDC84E1B058B7200367838 /* Release */ = {
			isa = XCBuildConfiguration;
			buildSettings = {
				ALWAYS_SEARCH_USER_PATHS = NO;
				CLANG_CXX_LANGUAGE_STANDARD = "gnu++0x";
				CLANG_CXX_LIBRARY = "libc++";
				CLANG_ENABLE_MODULES = YES;
				CLANG_ENABLE_OBJC_ARC = YES;
				CLANG_WARN_BOOL_CONVERSION = YES;
				CLANG_WARN_CONSTANT_CONVERSION = YES;
				CLANG_WARN_DIRECT_OBJC_ISA_USAGE = YES_ERROR;
				CLANG_WARN_EMPTY_BODY = YES;
				CLANG_WARN_ENUM_CONVERSION = YES;
				CLANG_WARN_INT_CONVERSION = YES;
				CLANG_WARN_OBJC_ROOT_CLASS = YES_ERROR;
				CLANG_WARN_UNREACHABLE_CODE = YES;
				CLANG_WARN__DUPLICATE_METHOD_MATCH = YES;
				COPY_PHASE_STRIP = YES;
				ENABLE_NS_ASSERTIONS = NO;
				ENABLE_STRICT_OBJC_MSGSEND = YES;
				GCC_C_LANGUAGE_STANDARD = gnu99;
				GCC_WARN_64_TO_32_BIT_CONVERSION = YES;
				GCC_WARN_ABOUT_RETURN_TYPE = YES_ERROR;
				GCC_WARN_UNDECLARED_SELECTOR = YES;
				GCC_WARN_UNINITIALIZED_AUTOS = YES_AGGRESSIVE;
				GCC_WARN_UNUSED_FUNCTION = YES;
				GCC_WARN_UNUSED_VARIABLE = YES;
				IPHONEOS_DEPLOYMENT_TARGET = 8.1;
				MTL_ENABLE_DEBUG_INFO = NO;
				SDKROOT = iphoneos;
				VALIDATE_PRODUCT = YES;
			};
			name = Release;
		};
		2ADDC8501B058B7200367838 /* Debug */ = {
			isa = XCBuildConfiguration;
			buildSettings = {
				ARCHS = "$(ARCHS_STANDARD)";
				HEADER_SEARCH_PATHS = (
					"$(inherited)",
					/Applications/Xcode.app/Contents/Developer/Toolchains/XcodeDefault.xctoolchain/usr/include,
					/usr/include/libxml2,
				);
				IPHONEOS_DEPLOYMENT_TARGET = 6.0;
				ONLY_ACTIVE_ARCH = NO;
				OTHER_LDFLAGS = "-ObjC";
				PRODUCT_NAME = "$(TARGET_NAME)";
				SKIP_INSTALL = YES;
			};
			name = Debug;
		};
		2ADDC8511B058B7200367838 /* Release */ = {
			isa = XCBuildConfiguration;
			buildSettings = {
				ARCHS = "$(ARCHS_STANDARD)";
				HEADER_SEARCH_PATHS = (
					"$(inherited)",
					/Applications/Xcode.app/Contents/Developer/Toolchains/XcodeDefault.xctoolchain/usr/include,
					/usr/include/libxml2,
				);
				IPHONEOS_DEPLOYMENT_TARGET = 6.0;
				OTHER_LDFLAGS = "-ObjC";
				PRODUCT_NAME = "$(TARGET_NAME)";
				SKIP_INSTALL = YES;
			};
			name = Release;
		};
/* End XCBuildConfiguration section */

/* Begin XCConfigurationList section */
		2ADDC8361B058B7200367838 /* Build configuration list for PBXProject "tdxTools" */ = {
			isa = XCConfigurationList;
			buildConfigurations = (
				2ADDC84D1B058B7200367838 /* Debug */,
				2ADDC84E1B058B7200367838 /* Release */,
			);
			defaultConfigurationIsVisible = 0;
			defaultConfigurationName = Release;
		};
		2ADDC84F1B058B7200367838 /* Build configuration list for PBXNativeTarget "tdxTools" */ = {
			isa = XCConfigurationList;
			buildConfigurations = (
				2ADDC8501B058B7200367838 /* Debug */,
				2ADDC8511B058B7200367838 /* Release */,
			);
			defaultConfigurationIsVisible = 0;
			defaultConfigurationName = Release;
		};
/* End XCConfigurationList section */
	};
	rootObject = 2ADDC8331B058B7200367838 /* Project object */;
}
